{
  "name": "deepseek-worker-runtime",
  "version": "0.1.0",
  "lockfileVersion": 3,
  "requires": true,
  "packages": {
    "": {
      "name": "deepseek-worker-runtime",
      "version": "0.1.0",
      "dependencies": {
        "opencode-windows-x64": "1.18.4"
      }
    },
    "node_modules/opencode-windows-x64": {
      "version": "1.18.4",
      "resolved": "https://registry.npmjs.org/opencode-windows-x64/-/opencode-windows-x64-1.18.4.tgz",
      "integrity": "sha512-TumOcMOvZ6vfs348LgGLK9eFEBLsh+wI/UXmQ8BhXW95YV1Wd26TutSzQi4L/wLftsDfl8Q6bKQ2trWtGBzBvQ==",
      "cpu": [
        "x64"
      ],
      "os": [
        "win32"
      ]
    }
  }
}
